
Microsoft Visual Studio Solution File, Format Version 12.00
# Visual Studio Version 17
VisualStudioVersion = 17.4.33110.190
MinimumVisualStudioVersion = 10.0.40219.1
Project("{9A19103F-16F7-4668-BE54-9A1E7A4F7556}") = "SCICT.NLP.Morphology.Inflection", "SCICT.NLP.Morphology.Inflection\SCICT.NLP.Morphology.Inflection.csproj", "{3AB50B34-EAEB-4CBB-A257-738054B4DF1A}"
EndProject
Project("{9A19103F-16F7-4668-BE54-9A1E7A4F7556}") = "SCICT.Utility.Windows", "SCICT.Utility.Windows\SCICT.Utility.Windows.csproj", "{211B42AB-CAB6-42C8-B997-675432F3CD80}"
EndProject
Project("{9A19103F-16F7-4668-BE54-9A1E7A4F7556}") = "SCICT.NLP.Morphology.Inflection.Conjugation", "SCICT.NLP.Morphology.Inflection.Conjugation\SCICT.NLP.Morphology.Inflection.Conjugation.csproj", "{DEA6DD2F-1BCC-406A-A115-C862DA1B01DC}"
EndProject
Project("{9A19103F-16F7-4668-BE54-9A1E7A4F7556}") = "SCICT.Utility.SpellChecker", "SCICT.Utility.SpellChecker\SCICT.Utility.SpellChecker.csproj", "{ED166C7D-F2E8-4AEA-BD2D-63D30D67EB83}"
EndProject
Project("{9A19103F-16F7-4668-BE54-9A1E7A4F7556}") = "SCICT.NLP.PartOfSpeechTagger", "SCICT.NLP.PartOfSpeechTagger\SCICT.NLP.PartOfSpeechTagger.csproj", "{0A2D23F6-9C39-4AAC-B875-8A68927CD268}"
EndProject
Project("{9A19103F-16F7-4668-BE54-9A1E7A4F7556}") = "SCICT.NLP.TextProofing.Punctuation", "SCICT.NLP.TextProofing.Punctuation\SCICT.NLP.TextProofing.Punctuation.csproj", "{3A012CF5-A95E-4219-A22D-7C984F7E696C}"
EndProject
Project("{9A19103F-16F7-4668-BE54-9A1E7A4F7556}") = "SCICT.NLP.TextProofing.SpellChecker", "SCICT.NLP.TextProofing.SpellChecker\SCICT.NLP.TextProofing.SpellChecker.csproj", "{2915CB7E-80BE-4F12-8704-FD9CD1578E9D}"
EndProject
Project("{9A19103F-16F7-4668-BE54-9A1E7A4F7556}") = "SCICT.NLP.Utility.LanguageModel", "SCICT.NLP.Utility.LanguageModel\SCICT.NLP.Utility.LanguageModel.csproj", "{E63F9191-2DEE-4BA3-B21F-4C1380627E05}"
EndProject
Project("{9A19103F-16F7-4668-BE54-9A1E7A4F7556}") = "SCICT.NLP.Utility.StringDistance", "SCICT.NLP.Utility.StringDistance\SCICT.NLP.Utility.StringDistance.csproj", "{8B7A86BD-2C0E-43E6-9587-6879F5BF182E}"
EndProject
Project("{9A19103F-16F7-4668-BE54-9A1E7A4F7556}") = "SCICT.NLP.Utility.Transliteration", "SCICT.NLP.Utility.Transliteration\SCICT.NLP.Utility.Transliteration.csproj", "{7292AC3E-A0CF-4D89-A727-7C9E1F25A3D5}"
EndProject
Project("{9A19103F-16F7-4668-BE54-9A1E7A4F7556}") = "SCICT.NLP.Utility.WordContainer", "SCICT.NLP.Utility.WordContainer\SCICT.NLP.Utility.WordContainer.csproj", "{CC54FD49-CED3-4991-A9C2-1044F2185441}"
EndProject
Project("{9A19103F-16F7-4668-BE54-9A1E7A4F7556}") = "SCICT.NLP.Utility.WordGenerator", "SCICT.NLP.Utility.WordGenerator\SCICT.NLP.Utility.WordGenerator.csproj", "{5AFFFA6B-C3CC-45B8-9289-43641A8D97DE}"
EndProject
Project("{9A19103F-16F7-4668-BE54-9A1E7A4F7556}") = "SCICT", "SCICT\SCICT.csproj", "{2E4776DE-1C59-4EC2-8A51-9891D5E8685F}"
EndProject
Project("{9A19103F-16F7-4668-BE54-9A1E7A4F7556}") = "SCICT.NLP.Utility.PinglishConverter", "SCICT.NLP.Utility.PinglishConverter\SCICT.NLP.Utility.PinglishConverter.csproj", "{8A6E861F-D46E-497C-AD88-9E71FFAD9B76}"
EndProject
Project("{FAE04EC0-301F-11D3-BF4B-00C04F79EFBC}") = "SCICT.VirastyarInlineVerifiers", "SCICT.VirastyarInlineVerifiers\SCICT.VirastyarInlineVerifiers.csproj", "{0BD55A34-C494-4BC1-8139-E6B2E9B2DC26}"
EndProject
Project("{FAE04EC0-301F-11D3-BF4B-00C04F79EFBC}") = "Test", "Test\Test.csproj", "{342A9464-7278-4898-9B58-5FC1DF84B315}"
EndProject
Global
	GlobalSection(SolutionConfigurationPlatforms) = preSolution
		Debug|Any CPU = Debug|Any CPU
		Release|Any CPU = Release|Any CPU
	EndGlobalSection
	GlobalSection(ProjectConfigurationPlatforms) = postSolution
		{3AB50B34-EAEB-4CBB-A257-738054B4DF1A}.Debug|Any CPU.ActiveCfg = Debug|Any CPU
		{3AB50B34-EAEB-4CBB-A257-738054B4DF1A}.Debug|Any CPU.Build.0 = Debug|Any CPU
		{3AB50B34-EAEB-4CBB-A257-738054B4DF1A}.Release|Any CPU.ActiveCfg = Release|Any CPU
		{3AB50B34-EAEB-4CBB-A257-738054B4DF1A}.Release|Any CPU.Build.0 = Release|Any CPU
		{211B42AB-CAB6-42C8-B997-675432F3CD80}.Debug|Any CPU.ActiveCfg = Debug|Any CPU
		{211B42AB-CAB6-42C8-B997-675432F3CD80}.Debug|Any CPU.Build.0 = Debug|Any CPU
		{211B42AB-CAB6-42C8-B997-675432F3CD80}.Release|Any CPU.ActiveCfg = Release|Any CPU
		{211B42AB-CAB6-42C8-B997-675432F3CD80}.Release|Any CPU.Build.0 = Release|Any CPU
		{DEA6DD2F-1BCC-406A-A115-C862DA1B01DC}.Debug|Any CPU.ActiveCfg = Debug|Any CPU
		{DEA6DD2F-1BCC-406A-A115-C862DA1B01DC}.Debug|Any CPU.Build.0 = Debug|Any CPU
		{DEA6DD2F-1BCC-406A-A115-C862DA1B01DC}.Release|Any CPU.ActiveCfg = Release|Any CPU
		{DEA6DD2F-1BCC-406A-A115-C862DA1B01DC}.Release|Any CPU.Build.0 = Release|Any CPU
		{ED166C7D-F2E8-4AEA-BD2D-63D30D67EB83}.Debug|Any CPU.ActiveCfg = Debug|Any CPU
		{ED166C7D-F2E8-4AEA-BD2D-63D30D67EB83}.Debug|Any CPU.Build.0 = Debug|Any CPU
		{ED166C7D-F2E8-4AEA-BD2D-63D30D67EB83}.Release|Any CPU.ActiveCfg = Release|Any CPU
		{ED166C7D-F2E8-4AEA-BD2D-63D30D67EB83}.Release|Any CPU.Build.0 = Release|Any CPU
		{0A2D23F6-9C39-4AAC-B875-8A68927CD268}.Debug|Any CPU.ActiveCfg = Debug|Any CPU
		{0A2D23F6-9C39-4AAC-B875-8A68927CD268}.Debug|Any CPU.Build.0 = Debug|Any CPU
		{0A2D23F6-9C39-4AAC-B875-8A68927CD268}.Release|Any CPU.ActiveCfg = Release|Any CPU
		{0A2D23F6-9C39-4AAC-B875-8A68927CD268}.Release|Any CPU.Build.0 = Release|Any CPU
		{3A012CF5-A95E-4219-A22D-7C984F7E696C}.Debug|Any CPU.ActiveCfg = Debug|Any CPU
		{3A012CF5-A95E-4219-A22D-7C984F7E696C}.Debug|Any CPU.Build.0 = Debug|Any CPU
		{3A012CF5-A95E-4219-A22D-7C984F7E696C}.Release|Any CPU.ActiveCfg = Release|Any CPU
		{3A012CF5-A95E-4219-A22D-7C984F7E696C}.Release|Any CPU.Build.0 = Release|Any CPU
		{2915CB7E-80BE-4F12-8704-FD9CD1578E9D}.Debug|Any CPU.ActiveCfg = Debug|Any CPU
		{2915CB7E-80BE-4F12-8704-FD9CD1578E9D}.Debug|Any CPU.Build.0 = Debug|Any CPU
		{2915CB7E-80BE-4F12-8704-FD9CD1578E9D}.Release|Any CPU.ActiveCfg = Release|Any CPU
		{2915CB7E-80BE-4F12-8704-FD9CD1578E9D}.Release|Any CPU.Build.0 = Release|Any CPU
		{E63F9191-2DEE-4BA3-B21F-4C1380627E05}.Debug|Any CPU.ActiveCfg = Debug|Any CPU
		{E63F9191-2DEE-4BA3-B21F-4C1380627E05}.Debug|Any CPU.Build.0 = Debug|Any CPU
		{E63F9191-2DEE-4BA3-B21F-4C1380627E05}.Release|Any CPU.ActiveCfg = Release|Any CPU
		{E63F9191-2DEE-4BA3-B21F-4C1380627E05}.Release|Any CPU.Build.0 = Release|Any CPU
		{8B7A86BD-2C0E-43E6-9587-6879F5BF182E}.Debug|Any CPU.ActiveCfg = Debug|Any CPU
		{8B7A86BD-2C0E-43E6-9587-6879F5BF182E}.Debug|Any CPU.Build.0 = Debug|Any CPU
		{8B7A86BD-2C0E-43E6-9587-6879F5BF182E}.Release|Any CPU.ActiveCfg = Release|Any CPU
		{8B7A86BD-2C0E-43E6-9587-6879F5BF182E}.Release|Any CPU.Build.0 = Release|Any CPU
		{7292AC3E-A0CF-4D89-A727-7C9E1F25A3D5}.Debug|Any CPU.ActiveCfg = Debug|Any CPU
		{7292AC3E-A0CF-4D89-A727-7C9E1F25A3D5}.Debug|Any CPU.Build.0 = Debug|Any CPU
		{7292AC3E-A0CF-4D89-A727-7C9E1F25A3D5}.Release|Any CPU.ActiveCfg = Release|Any CPU
		{7292AC3E-A0CF-4D89-A727-7C9E1F25A3D5}.Release|Any CPU.Build.0 = Release|Any CPU
		{CC54FD49-CED3-4991-A9C2-1044F2185441}.Debug|Any CPU.ActiveCfg = Debug|Any CPU
		{CC54FD49-CED3-4991-A9C2-1044F2185441}.Debug|Any CPU.Build.0 = Debug|Any CPU
		{CC54FD49-CED3-4991-A9C2-1044F2185441}.Release|Any CPU.ActiveCfg = Release|Any CPU
		{CC54FD49-CED3-4991-A9C2-1044F2185441}.Release|Any CPU.Build.0 = Release|Any CPU
		{5AFFFA6B-C3CC-45B8-9289-43641A8D97DE}.Debug|Any CPU.ActiveCfg = Debug|Any CPU
		{5AFFFA6B-C3CC-45B8-9289-43641A8D97DE}.Debug|Any CPU.Build.0 = Debug|Any CPU
		{5AFFFA6B-C3CC-45B8-9289-43641A8D97DE}.Release|Any CPU.ActiveCfg = Release|Any CPU
		{5AFFFA6B-C3CC-45B8-9289-43641A8D97DE}.Release|Any CPU.Build.0 = Release|Any CPU
		{2E4776DE-1C59-4EC2-8A51-9891D5E8685F}.Debug|Any CPU.ActiveCfg = Debug|Any CPU
		{2E4776DE-1C59-4EC2-8A51-9891D5E8685F}.Debug|Any CPU.Build.0 = Debug|Any CPU
		{2E4776DE-1C59-4EC2-8A51-9891D5E8685F}.Release|Any CPU.ActiveCfg = Release|Any CPU
		{2E4776DE-1C59-4EC2-8A51-9891D5E8685F}.Release|Any CPU.Build.0 = Release|Any CPU
		{8A6E861F-D46E-497C-AD88-9E71FFAD9B76}.Debug|Any CPU.ActiveCfg = Debug|Any CPU
		{8A6E861F-D46E-497C-AD88-9E71FFAD9B76}.Debug|Any CPU.Build.0 = Debug|Any CPU
		{8A6E861F-D46E-497C-AD88-9E71FFAD9B76}.Release|Any CPU.ActiveCfg = Release|Any CPU
		{8A6E861F-D46E-497C-AD88-9E71FFAD9B76}.Release|Any CPU.Build.0 = Release|Any CPU
		{0BD55A34-C494-4BC1-8139-E6B2E9B2DC26}.Debug|Any CPU.ActiveCfg = Debug|Any CPU
		{0BD55A34-C494-4BC1-8139-E6B2E9B2DC26}.Debug|Any CPU.Build.0 = Debug|Any CPU
		{0BD55A34-C494-4BC1-8139-E6B2E9B2DC26}.Release|Any CPU.ActiveCfg = Release|Any CPU
		{0BD55A34-C494-4BC1-8139-E6B2E9B2DC26}.Release|Any CPU.Build.0 = Release|Any CPU
		{342A9464-7278-4898-9B58-5FC1DF84B315}.Debug|Any CPU.ActiveCfg = Debug|Any CPU
		{342A9464-7278-4898-9B58-5FC1DF84B315}.Debug|Any CPU.Build.0 = Debug|Any CPU
		{342A9464-7278-4898-9B58-5FC1DF84B315}.Release|Any CPU.ActiveCfg = Release|Any CPU
		{342A9464-7278-4898-9B58-5FC1DF84B315}.Release|Any CPU.Build.0 = Release|Any CPU
	EndGlobalSection
	GlobalSection(SolutionProperties) = preSolution
		HideSolutionNode = FALSE
	EndGlobalSection
	GlobalSection(ExtensibilityGlobals) = postSolution
		SolutionGuid = {8741F198-822D-45FD-9EBF-5469B86FA4D2}
	EndGlobalSection
EndGlobal
